
Microsoft Visual Studio Solution File, Format Version 12.00
# Visual Studio 2013
VisualStudioVersion = 12.0.31101.0
MinimumVisualStudioVersion = 10.0.40219.1
Project("{FAE04EC0-301F-11D3-BF4B-00C04F79EFBC}") = "NineDigitMagicNumbers", "NineDigitMagicNumbers\NineDigitMagicNumbers.csproj", "{5FA1EA04-C968-46AF-8F08-A48DC24DF3CE}"
EndProject
Global
	GlobalSection(SolutionConfigurationPlatforms) = preSolution
		Debug|Any CPU = Debug|Any CPU
		Release|Any CPU = Release|Any CPU
	EndGlobalSection
	GlobalSection(ProjectConfigurationPlatforms) = postSolution
		{5FA1EA04-C968-46AF-8F08-A48DC24DF3CE}.Debug|Any CPU.ActiveCfg = Debug|Any CPU
		{5FA1EA04-C968-46AF-8F08-A48DC24DF3CE}.Debug|Any CPU.Build.0 = Debug|Any CPU
		{5FA1EA04-C968-46AF-8F08-A48DC24DF3CE}.Release|Any CPU.ActiveCfg = Release|Any CPU
		{5FA1EA04-C968-46AF-8F08-A48DC24DF3CE}.Release|Any CPU.Build.0 = Release|Any CPU
	EndGlobalSection
	GlobalSection(SolutionProperties) = preSolution
		HideSolutionNode = FALSE
	EndGlobalSection
EndGlobal
